
Microsoft Visual Studio Solution File, Format Version 12.00
# Visual Studio Version 16
VisualStudioVersion = 16.0.29409.12
MinimumVisualStudioVersion = 10.0.40219.1
Project("{F2A71F9B-5D33-465A-A702-920D77279786}") = "FP.DDD.Money", "FP.DDD.Money.fsproj", "{918F0A7C-627B-46A5-AA37-D76E762E6B17}"
EndProject
Global
	GlobalSection(SolutionConfigurationPlatforms) = preSolution
		Debug|Any CPU = Debug|Any CPU
		Release|Any CPU = Release|Any CPU
	EndGlobalSection
	GlobalSection(ProjectConfigurationPlatforms) = postSolution
		{918F0A7C-627B-46A5-AA37-D76E762E6B17}.Debug|Any CPU.ActiveCfg = Debug|Any CPU
		{918F0A7C-627B-46A5-AA37-D76E762E6B17}.Debug|Any CPU.Build.0 = Debug|Any CPU
		{918F0A7C-627B-46A5-AA37-D76E762E6B17}.Release|Any CPU.ActiveCfg = Release|Any CPU
		{918F0A7C-627B-46A5-AA37-D76E762E6B17}.Release|Any CPU.Build.0 = Release|Any CPU
	EndGlobalSection
	GlobalSection(SolutionProperties) = preSolution
		HideSolutionNode = FALSE
	EndGlobalSection
	GlobalSection(ExtensibilityGlobals) = postSolution
		SolutionGuid = {DA25A20D-D879-455B-A542-171A7880D438}
	EndGlobalSection
EndGlobal
